
Microsoft Visual Studio Solution File, Format Version 12.00
# Visual Studio Version 17
VisualStudioVersion = 17.5.2.0
MinimumVisualStudioVersion = 10.0.40219.1
Project("{2150E333-8FDC-42A3-9474-1A3956D46DE8}") = "Api", "Api", "{D82C56D6-B2CD-F611-9E31-04638F7EC30E}"
EndProject
Project("{2150E333-8FDC-42A3-9474-1A3956D46DE8}") = "BuildingBlocks", "BuildingBlocks", "{7266C4A9-E384-DC00-0EB6-47F6002CFBA7}"
EndProject
Project("{2150E333-8FDC-42A3-9474-1A3956D46DE8}") = "Modules", "Modules", "{CA253913-39DE-BFD0-C9A3-4B7EC6FBDF17}"
EndProject
Project("{FAE04EC0-301F-11D3-BF4B-00C04F79EFBC}") = "HomeFlow.Api", "Api\HomeFlow.Api\HomeFlow.Api.csproj", "{4603B1EF-283B-4231-5CBB-AD90CDDB8A6E}"
EndProject
Project("{FAE04EC0-301F-11D3-BF4B-00C04F79EFBC}") = "HomeFlow.BuildingBlocks.Application", "BuildingBlocks\HomeFlow.BuildingBlocks.Application\HomeFlow.BuildingBlocks.Application.csproj", "{C5A8FFDC-CBF2-4718-CB74-DDBB1AB6688E}"
EndProject
Project("{FAE04EC0-301F-11D3-BF4B-00C04F79EFBC}") = "HomeFlow.BuildingBlocks.Domain", "BuildingBlocks\HomeFlow.BuildingBlocks.Domain\HomeFlow.BuildingBlocks.Domain.csproj", "{438CAFEA-C9C5-315A-F046-558BC45CF10B}"
EndProject
Project("{FAE04EC0-301F-11D3-BF4B-00C04F79EFBC}") = "HomeFlow.BuildingBlocks.Infrastructure", "BuildingBlocks\HomeFlow.BuildingBlocks.Infrastructure\HomeFlow.BuildingBlocks.Infrastructure.csproj", "{B57CABC3-15D3-D2A7-3DDA-1D4163BC7FC4}"
EndProject
Project("{FAE04EC0-301F-11D3-BF4B-00C04F79EFBC}") = "HomeFlow.BuildingBlocks.MultiTenancy", "BuildingBlocks\HomeFlow.BuildingBlocks.MultiTenancy\HomeFlow.BuildingBlocks.MultiTenancy.csproj", "{707C93E6-E50C-967B-1A6D-1A337D8F8017}"
EndProject
Project("{2150E333-8FDC-42A3-9474-1A3956D46DE8}") = "Households", "Households", "{46F24C38-83DC-513F-3491-9318694D1D03}"
EndProject
Project("{FAE04EC0-301F-11D3-BF4B-00C04F79EFBC}") = "HomeFlow.Modules.Households.Application", "Modules\Households\HomeFlow.Modules.Households.Application\HomeFlow.Modules.Households.Application.csproj", "{FD9EA1E3-B9B8-38B3-547D-C68B8ED160B0}"
EndProject
Project("{FAE04EC0-301F-11D3-BF4B-00C04F79EFBC}") = "HomeFlow.Modules.Households.Contracts", "Modules\Households\HomeFlow.Modules.Households.Contracts\HomeFlow.Modules.Households.Contracts.csproj", "{E2BF57CC-3FCC-AF63-45EF-204A88978A1F}"
EndProject
Project("{FAE04EC0-301F-11D3-BF4B-00C04F79EFBC}") = "HomeFlow.Modules.Households.Domain", "Modules\Households\HomeFlow.Modules.Households.Domain\HomeFlow.Modules.Households.Domain.csproj", "{DA52B8C2-9E12-4263-61BC-6F8A048DB876}"
EndProject
Project("{FAE04EC0-301F-11D3-BF4B-00C04F79EFBC}") = "HomeFlow.Modules.Households.Infrastructure", "Modules\Households\HomeFlow.Modules.Households.Infrastructure\HomeFlow.Modules.Households.Infrastructure.csproj", "{3C5FEC25-C88E-EA17-C2C3-740A2A824A9D}"
EndProject
Project("{2150E333-8FDC-42A3-9474-1A3956D46DE8}") = "Identity", "Identity", "{293C06CD-4E17-48BD-9F3B-B5ADDFFA9425}"
EndProject
Project("{FAE04EC0-301F-11D3-BF4B-00C04F79EFBC}") = "HomeFlow.Modules.Identity.Application", "Modules\Identity\HomeFlow.Modules.Identity.Application\HomeFlow.Modules.Identity.Application.csproj", "{ACD11FA3-C462-F535-9AE6-2E75F3314303}"
EndProject
Project("{FAE04EC0-301F-11D3-BF4B-00C04F79EFBC}") = "HomeFlow.Modules.Identity.Contracts", "Modules\Identity\HomeFlow.Modules.Identity.Contracts\HomeFlow.Modules.Identity.Contracts.csproj", "{AF7745F1-378C-2A55-D3D4-985E5AFE6006}"
EndProject
Project("{FAE04EC0-301F-11D3-BF4B-00C04F79EFBC}") = "HomeFlow.Modules.Identity.Domain", "Modules\Identity\HomeFlow.Modules.Identity.Domain\HomeFlow.Modules.Identity.Domain.csproj", "{B3DE8463-AA33-1A3E-DE32-8E7B3C528990}"
EndProject
Project("{FAE04EC0-301F-11D3-BF4B-00C04F79EFBC}") = "HomeFlow.Modules.Identity.Infrastructure", "Modules\Identity\HomeFlow.Modules.Identity.Infrastructure\HomeFlow.Modules.Identity.Infrastructure.csproj", "{5AEE1E8A-EAD0-C07B-E780-7405231A2750}"
EndProject
Project("{2150E333-8FDC-42A3-9474-1A3956D46DE8}") = "Scheduling", "Scheduling", "{F5C0DC2D-3026-8AFA-5A9E-CD298F76D308}"
EndProject
Project("{FAE04EC0-301F-11D3-BF4B-00C04F79EFBC}") = "HomeFlow.Modules.Scheduling.Application", "Modules\Scheduling\HomeFlow.Modules.Scheduling.Application\HomeFlow.Modules.Scheduling.Application.csproj", "{9A656DD6-E2A1-6A47-54B3-9F3A80817C84}"
EndProject
Project("{FAE04EC0-301F-11D3-BF4B-00C04F79EFBC}") = "HomeFlow.Modules.Scheduling.Contracts", "Modules\Scheduling\HomeFlow.Modules.Scheduling.Contracts\HomeFlow.Modules.Scheduling.Contracts.csproj", "{933B883A-0DEE-F475-6B41-4728DE34CA5B}"
EndProject
Project("{FAE04EC0-301F-11D3-BF4B-00C04F79EFBC}") = "HomeFlow.Modules.Scheduling.Domain", "Modules\Scheduling\HomeFlow.Modules.Scheduling.Domain\HomeFlow.Modules.Scheduling.Domain.csproj", "{62C93868-30F5-665C-8D00-7A9D1B69C38F}"
EndProject
Project("{FAE04EC0-301F-11D3-BF4B-00C04F79EFBC}") = "HomeFlow.Modules.Scheduling.Infrastructure", "Modules\Scheduling\HomeFlow.Modules.Scheduling.Infrastructure\HomeFlow.Modules.Scheduling.Infrastructure.csproj", "{16CE9101-54E2-3D57-DF3A-AB18DB7E26C2}"
EndProject
Project("{2150E333-8FDC-42A3-9474-1A3956D46DE8}") = "Subscriptions", "Subscriptions", "{61DF3A5F-ECAF-FD9D-AE18-84CDACBA460C}"
EndProject
Project("{FAE04EC0-301F-11D3-BF4B-00C04F79EFBC}") = "HomeFlow.Modules.Subscriptions.Application", "Modules\Subscriptions\HomeFlow.Modules.Subscriptions.Application\HomeFlow.Modules.Subscriptions.Application.csproj", "{75F138A8-CDD2-5B30-26BF-5FCA4FBBB685}"
EndProject
Project("{FAE04EC0-301F-11D3-BF4B-00C04F79EFBC}") = "HomeFlow.Modules.Subscriptions.Contracts", "Modules\Subscriptions\HomeFlow.Modules.Subscriptions.Contracts\HomeFlow.Modules.Subscriptions.Contracts.csproj", "{976690A1-A32F-A05E-DB1F-22BE5C0AAA4D}"
EndProject
Project("{FAE04EC0-301F-11D3-BF4B-00C04F79EFBC}") = "HomeFlow.Modules.Subscriptions.Domain", "Modules\Subscriptions\HomeFlow.Modules.Subscriptions.Domain\HomeFlow.Modules.Subscriptions.Domain.csproj", "{3C526929-B2CB-7B2A-FED2-840FB050AFF6}"
EndProject
Project("{FAE04EC0-301F-11D3-BF4B-00C04F79EFBC}") = "HomeFlow.Modules.Subscriptions.Infrastructure", "Modules\Subscriptions\HomeFlow.Modules.Subscriptions.Infrastructure\HomeFlow.Modules.Subscriptions.Infrastructure.csproj", "{619B6DAF-A1E8-3EA9-2D9F-B078E0C9F95F}"
EndProject
Project("{2150E333-8FDC-42A3-9474-1A3956D46DE8}") = "Tenancy", "Tenancy", "{A76EE12E-3ECC-62C3-0A2F-98209D0D945F}"
EndProject
Project("{FAE04EC0-301F-11D3-BF4B-00C04F79EFBC}") = "HomeFlow.Modules.Tenancy.Application", "Modules\Tenancy\HomeFlow.Modules.Tenancy.Application\HomeFlow.Modules.Tenancy.Application.csproj", "{C60FD2D3-162A-0224-AE5E-FE5B23164C48}"
EndProject
Project("{FAE04EC0-301F-11D3-BF4B-00C04F79EFBC}") = "HomeFlow.Modules.Tenancy.Contracts", "Modules\Tenancy\HomeFlow.Modules.Tenancy.Contracts\HomeFlow.Modules.Tenancy.Contracts.csproj", "{67216B6C-3205-C82A-CF98-CCFCBCF3AFC0}"
EndProject
Project("{FAE04EC0-301F-11D3-BF4B-00C04F79EFBC}") = "HomeFlow.Modules.Tenancy.Domain", "Modules\Tenancy\HomeFlow.Modules.Tenancy.Domain\HomeFlow.Modules.Tenancy.Domain.csproj", "{B436A619-D76F-631B-EE58-2BDEF8CCF0A1}"
EndProject
Project("{FAE04EC0-301F-11D3-BF4B-00C04F79EFBC}") = "HomeFlow.Modules.Tenancy.Infrastructure", "Modules\Tenancy\HomeFlow.Modules.Tenancy.Infrastructure\HomeFlow.Modules.Tenancy.Infrastructure.csproj", "{FAE74DE9-51D7-D83B-F6E4-5D693E4C30D7}"
EndProject
Project("{2150E333-8FDC-42A3-9474-1A3956D46DE8}") = "Integrations", "Integrations", "{E0E1D754-4310-A0C0-EDD7-D6B523B5B0BE}"
EndProject
Project("{2150E333-8FDC-42A3-9474-1A3956D46DE8}") = "Gmail", "Gmail", "{8889498C-3100-6650-19CC-2F44C377DEA5}"
EndProject
Project("{FAE04EC0-301F-11D3-BF4B-00C04F79EFBC}") = "HomeFlow.Modules.Integrations.Gmail.Application", "Modules\Integrations\Gmail\HomeFlow.Modules.Integrations.Gmail.Application\HomeFlow.Modules.Integrations.Gmail.Application.csproj", "{94D1B81F-6E00-FD7F-F90C-D8238C35B357}"
EndProject
Project("{FAE04EC0-301F-11D3-BF4B-00C04F79EFBC}") = "HomeFlow.Modules.Integrations.Gmail.Contracts", "Modules\Integrations\Gmail\HomeFlow.Modules.Integrations.Gmail.Contracts\HomeFlow.Modules.Integrations.Gmail.Contracts.csproj", "{FFD2BEDE-0D2D-7154-EFAA-9517596AFB1A}"
EndProject
Project("{FAE04EC0-301F-11D3-BF4B-00C04F79EFBC}") = "HomeFlow.Modules.Integrations.Gmail.Domain", "Modules\Integrations\Gmail\HomeFlow.Modules.Integrations.Gmail.Domain\HomeFlow.Modules.Integrations.Gmail.Domain.csproj", "{2FA55CEE-401A-02F1-5A8F-8D440AF999BF}"
EndProject
Project("{FAE04EC0-301F-11D3-BF4B-00C04F79EFBC}") = "HomeFlow.Modules.Integrations.Gmail.Infrastructure", "Modules\Integrations\Gmail\HomeFlow.Modules.Integrations.Gmail.Infrastructure\HomeFlow.Modules.Integrations.Gmail.Infrastructure.csproj", "{C945299E-A644-2062-7B72-1D874D376AB7}"
EndProject
Project("{2150E333-8FDC-42A3-9474-1A3956D46DE8}") = "Chores", "Chores", "{8359E1A9-A740-6D20-5A9B-0B2BA88BABE2}"
EndProject
Project("{FAE04EC0-301F-11D3-BF4B-00C04F79EFBC}") = "HomeFlow.Modules.Chores.Domain", "Modules\Chores\HomeFlow.Modules.Chores.Domain\HomeFlow.Modules.Chores.Domain.csproj", "{6C61F263-74FF-4138-90E4-519E1938144B}"
EndProject
Project("{FAE04EC0-301F-11D3-BF4B-00C04F79EFBC}") = "HomeFlow.Modules.Chores.Application", "Modules\Chores\HomeFlow.Modules.Chores.Application\HomeFlow.Modules.Chores.Application.csproj", "{CF0AAAAE-17E3-4505-9440-389A52DB21FE}"
EndProject
Project("{FAE04EC0-301F-11D3-BF4B-00C04F79EFBC}") = "HomeFlow.Modules.Chores.Infrastructure", "Modules\Chores\HomeFlow.Modules.Chores.Infrastructure\HomeFlow.Modules.Chores.Infrastructure.csproj", "{C1CD2EAF-BB55-4474-990D-ED40502FA333}"
EndProject
Project("{FAE04EC0-301F-11D3-BF4B-00C04F79EFBC}") = "HomeFlow.Modules.Chores.Contracts", "Modules\Chores\HomeFlow.Modules.Chores.Contracts\HomeFlow.Modules.Chores.Contracts.csproj", "{C1D3D70B-6A1F-4177-B6AE-86F7BFF4226F}"
EndProject
Global
	GlobalSection(SolutionConfigurationPlatforms) = preSolution
		Debug|Any CPU = Debug|Any CPU
		Debug|x64 = Debug|x64
		Debug|x86 = Debug|x86
		Release|Any CPU = Release|Any CPU
		Release|x64 = Release|x64
		Release|x86 = Release|x86
	EndGlobalSection
	GlobalSection(ProjectConfigurationPlatforms) = postSolution
		{4603B1EF-283B-4231-5CBB-AD90CDDB8A6E}.Debug|Any CPU.ActiveCfg = Debug|Any CPU
		{4603B1EF-283B-4231-5CBB-AD90CDDB8A6E}.Debug|Any CPU.Build.0 = Debug|Any CPU
		{4603B1EF-283B-4231-5CBB-AD90CDDB8A6E}.Debug|x64.ActiveCfg = Debug|Any CPU
		{4603B1EF-283B-4231-5CBB-AD90CDDB8A6E}.Debug|x64.Build.0 = Debug|Any CPU
		{4603B1EF-283B-4231-5CBB-AD90CDDB8A6E}.Debug|x86.ActiveCfg = Debug|Any CPU
		{4603B1EF-283B-4231-5CBB-AD90CDDB8A6E}.Debug|x86.Build.0 = Debug|Any CPU
		{4603B1EF-283B-4231-5CBB-AD90CDDB8A6E}.Release|Any CPU.ActiveCfg = Release|Any CPU
		{4603B1EF-283B-4231-5CBB-AD90CDDB8A6E}.Release|Any CPU.Build.0 = Release|Any CPU
		{4603B1EF-283B-4231-5CBB-AD90CDDB8A6E}.Release|x64.ActiveCfg = Release|Any CPU
		{4603B1EF-283B-4231-5CBB-AD90CDDB8A6E}.Release|x64.Build.0 = Release|Any CPU
		{4603B1EF-283B-4231-5CBB-AD90CDDB8A6E}.Release|x86.ActiveCfg = Release|Any CPU
		{4603B1EF-283B-4231-5CBB-AD90CDDB8A6E}.Release|x86.Build.0 = Release|Any CPU
		{C5A8FFDC-CBF2-4718-CB74-DDBB1AB6688E}.Debug|Any CPU.ActiveCfg = Debug|Any CPU
		{C5A8FFDC-CBF2-4718-CB74-DDBB1AB6688E}.Debug|Any CPU.Build.0 = Debug|Any CPU
		{C5A8FFDC-CBF2-4718-CB74-DDBB1AB6688E}.Debug|x64.ActiveCfg = Debug|Any CPU
		{C5A8FFDC-CBF2-4718-CB74-DDBB1AB6688E}.Debug|x64.Build.0 = Debug|Any CPU
		{C5A8FFDC-CBF2-4718-CB74-DDBB1AB6688E}.Debug|x86.ActiveCfg = Debug|Any CPU
		{C5A8FFDC-CBF2-4718-CB74-DDBB1AB6688E}.Debug|x86.Build.0 = Debug|Any CPU
		{C5A8FFDC-CBF2-4718-CB74-DDBB1AB6688E}.Release|Any CPU.ActiveCfg = Release|Any CPU
		{C5A8FFDC-CBF2-4718-CB74-DDBB1AB6688E}.Release|Any CPU.Build.0 = Release|Any CPU
		{C5A8FFDC-CBF2-4718-CB74-DDBB1AB6688E}.Release|x64.ActiveCfg = Release|Any CPU
		{C5A8FFDC-CBF2-4718-CB74-DDBB1AB6688E}.Release|x64.Build.0 = Release|Any CPU
		{C5A8FFDC-CBF2-4718-CB74-DDBB1AB6688E}.Release|x86.ActiveCfg = Release|Any CPU
		{C5A8FFDC-CBF2-4718-CB74-DDBB1AB6688E}.Release|x86.Build.0 = Release|Any CPU
		{438CAFEA-C9C5-315A-F046-558BC45CF10B}.Debug|Any CPU.ActiveCfg = Debug|Any CPU
		{438CAFEA-C9C5-315A-F046-558BC45CF10B}.Debug|Any CPU.Build.0 = Debug|Any CPU
		{438CAFEA-C9C5-315A-F046-558BC45CF10B}.Debug|x64.ActiveCfg = Debug|Any CPU
		{438CAFEA-C9C5-315A-F046-558BC45CF10B}.Debug|x64.Build.0 = Debug|Any CPU
		{438CAFEA-C9C5-315A-F046-558BC45CF10B}.Debug|x86.ActiveCfg = Debug|Any CPU
		{438CAFEA-C9C5-315A-F046-558BC45CF10B}.Debug|x86.Build.0 = Debug|Any CPU
		{438CAFEA-C9C5-315A-F046-558BC45CF10B}.Release|Any CPU.ActiveCfg = Release|Any CPU
		{438CAFEA-C9C5-315A-F046-558BC45CF10B}.Release|Any CPU.Build.0 = Release|Any CPU
		{438CAFEA-C9C5-315A-F046-558BC45CF10B}.Release|x64.ActiveCfg = Release|Any CPU
		{438CAFEA-C9C5-315A-F046-558BC45CF10B}.Release|x64.Build.0 = Release|Any CPU
		{438CAFEA-C9C5-315A-F046-558BC45CF10B}.Release|x86.ActiveCfg = Release|Any CPU
		{438CAFEA-C9C5-315A-F046-558BC45CF10B}.Release|x86.Build.0 = Release|Any CPU
		{B57CABC3-15D3-D2A7-3DDA-1D4163BC7FC4}.Debug|Any CPU.ActiveCfg = Debug|Any CPU
		{B57CABC3-15D3-D2A7-3DDA-1D4163BC7FC4}.Debug|Any CPU.Build.0 = Debug|Any CPU
		{B57CABC3-15D3-D2A7-3DDA-1D4163BC7FC4}.Debug|x64.ActiveCfg = Debug|Any CPU
		{B57CABC3-15D3-D2A7-3DDA-1D4163BC7FC4}.Debug|x64.Build.0 = Debug|Any CPU
		{B57CABC3-15D3-D2A7-3DDA-1D4163BC7FC4}.Debug|x86.ActiveCfg = Debug|Any CPU
		{B57CABC3-15D3-D2A7-3DDA-1D4163BC7FC4}.Debug|x86.Build.0 = Debug|Any CPU
		{B57CABC3-15D3-D2A7-3DDA-1D4163BC7FC4}.Release|Any CPU.ActiveCfg = Release|Any CPU
		{B57CABC3-15D3-D2A7-3DDA-1D4163BC7FC4}.Release|Any CPU.Build.0 = Release|Any CPU
		{B57CABC3-15D3-D2A7-3DDA-1D4163BC7FC4}.Release|x64.ActiveCfg = Release|Any CPU
		{B57CABC3-15D3-D2A7-3DDA-1D4163BC7FC4}.Release|x64.Build.0 = Release|Any CPU
		{B57CABC3-15D3-D2A7-3DDA-1D4163BC7FC4}.Release|x86.ActiveCfg = Release|Any CPU
		{B57CABC3-15D3-D2A7-3DDA-1D4163BC7FC4}.Release|x86.Build.0 = Release|Any CPU
		{707C93E6-E50C-967B-1A6D-1A337D8F8017}.Debug|Any CPU.ActiveCfg = Debug|Any CPU
		{707C93E6-E50C-967B-1A6D-1A337D8F8017}.Debug|Any CPU.Build.0 = Debug|Any CPU
		{707C93E6-E50C-967B-1A6D-1A337D8F8017}.Debug|x64.ActiveCfg = Debug|Any CPU
		{707C93E6-E50C-967B-1A6D-1A337D8F8017}.Debug|x64.Build.0 = Debug|Any CPU
		{707C93E6-E50C-967B-1A6D-1A337D8F8017}.Debug|x86.ActiveCfg = Debug|Any CPU
		{707C93E6-E50C-967B-1A6D-1A337D8F8017}.Debug|x86.Build.0 = Debug|Any CPU
		{707C93E6-E50C-967B-1A6D-1A337D8F8017}.Release|Any CPU.ActiveCfg = Release|Any CPU
		{707C93E6-E50C-967B-1A6D-1A337D8F8017}.Release|Any CPU.Build.0 = Release|Any CPU
		{707C93E6-E50C-967B-1A6D-1A337D8F8017}.Release|x64.ActiveCfg = Release|Any CPU
		{707C93E6-E50C-967B-1A6D-1A337D8F8017}.Release|x64.Build.0 = Release|Any CPU
		{707C93E6-E50C-967B-1A6D-1A337D8F8017}.Release|x86.ActiveCfg = Release|Any CPU
		{707C93E6-E50C-967B-1A6D-1A337D8F8017}.Release|x86.Build.0 = Release|Any CPU
		{FD9EA1E3-B9B8-38B3-547D-C68B8ED160B0}.Debug|Any CPU.ActiveCfg = Debug|Any CPU
		{FD9EA1E3-B9B8-38B3-547D-C68B8ED160B0}.Debug|Any CPU.Build.0 = Debug|Any CPU
		{FD9EA1E3-B9B8-38B3-547D-C68B8ED160B0}.Debug|x64.ActiveCfg = Debug|Any CPU
		{FD9EA1E3-B9B8-38B3-547D-C68B8ED160B0}.Debug|x64.Build.0 = Debug|Any CPU
		{FD9EA1E3-B9B8-38B3-547D-C68B8ED160B0}.Debug|x86.ActiveCfg = Debug|Any CPU
		{FD9EA1E3-B9B8-38B3-547D-C68B8ED160B0}.Debug|x86.Build.0 = Debug|Any CPU
		{FD9EA1E3-B9B8-38B3-547D-C68B8ED160B0}.Release|Any CPU.ActiveCfg = Release|Any CPU
		{FD9EA1E3-B9B8-38B3-547D-C68B8ED160B0}.Release|Any CPU.Build.0 = Release|Any CPU
		{FD9EA1E3-B9B8-38B3-547D-C68B8ED160B0}.Release|x64.ActiveCfg = Release|Any CPU
		{FD9EA1E3-B9B8-38B3-547D-C68B8ED160B0}.Release|x64.Build.0 = Release|Any CPU
		{FD9EA1E3-B9B8-38B3-547D-C68B8ED160B0}.Release|x86.ActiveCfg = Release|Any CPU
		{FD9EA1E3-B9B8-38B3-547D-C68B8ED160B0}.Release|x86.Build.0 = Release|Any CPU
		{E2BF57CC-3FCC-AF63-45EF-204A88978A1F}.Debug|Any CPU.ActiveCfg = Debug|Any CPU
		{E2BF57CC-3FCC-AF63-45EF-204A88978A1F}.Debug|Any CPU.Build.0 = Debug|Any CPU
		{E2BF57CC-3FCC-AF63-45EF-204A88978A1F}.Debug|x64.ActiveCfg = Debug|Any CPU
		{E2BF57CC-3FCC-AF63-45EF-204A88978A1F}.Debug|x64.Build.0 = Debug|Any CPU
		{E2BF57CC-3FCC-AF63-45EF-204A88978A1F}.Debug|x86.ActiveCfg = Debug|Any CPU
		{E2BF57CC-3FCC-AF63-45EF-204A88978A1F}.Debug|x86.Build.0 = Debug|Any CPU
		{E2BF57CC-3FCC-AF63-45EF-204A88978A1F}.Release|Any CPU.ActiveCfg = Release|Any CPU
		{E2BF57CC-3FCC-AF63-45EF-204A88978A1F}.Release|Any CPU.Build.0 = Release|Any CPU
		{E2BF57CC-3FCC-AF63-45EF-204A88978A1F}.Release|x64.ActiveCfg = Release|Any CPU
		{E2BF57CC-3FCC-AF63-45EF-204A88978A1F}.Release|x64.Build.0 = Release|Any CPU
		{E2BF57CC-3FCC-AF63-45EF-204A88978A1F}.Release|x86.ActiveCfg = Release|Any CPU
		{E2BF57CC-3FCC-AF63-45EF-204A88978A1F}.Release|x86.Build.0 = Release|Any CPU
		{DA52B8C2-9E12-4263-61BC-6F8A048DB876}.Debug|Any CPU.ActiveCfg = Debug|Any CPU
		{DA52B8C2-9E12-4263-61BC-6F8A048DB876}.Debug|Any CPU.Build.0 = Debug|Any CPU
		{DA52B8C2-9E12-4263-61BC-6F8A048DB876}.Debug|x64.ActiveCfg = Debug|Any CPU
		{DA52B8C2-9E12-4263-61BC-6F8A048DB876}.Debug|x64.Build.0 = Debug|Any CPU
		{DA52B8C2-9E12-4263-61BC-6F8A048DB876}.Debug|x86.ActiveCfg = Debug|Any CPU
		{DA52B8C2-9E12-4263-61BC-6F8A048DB876}.Debug|x86.Build.0 = Debug|Any CPU
		{DA52B8C2-9E12-4263-61BC-6F8A048DB876}.Release|Any CPU.ActiveCfg = Release|Any CPU
		{DA52B8C2-9E12-4263-61BC-6F8A048DB876}.Release|Any CPU.Build.0 = Release|Any CPU
		{DA52B8C2-9E12-4263-61BC-6F8A048DB876}.Release|x64.ActiveCfg = Release|Any CPU
		{DA52B8C2-9E12-4263-61BC-6F8A048DB876}.Release|x64.Build.0 = Release|Any CPU
		{DA52B8C2-9E12-4263-61BC-6F8A048DB876}.Release|x86.ActiveCfg = Release|Any CPU
		{DA52B8C2-9E12-4263-61BC-6F8A048DB876}.Release|x86.Build.0 = Release|Any CPU
		{3C5FEC25-C88E-EA17-C2C3-740A2A824A9D}.Debug|Any CPU.ActiveCfg = Debug|Any CPU
		{3C5FEC25-C88E-EA17-C2C3-740A2A824A9D}.Debug|Any CPU.Build.0 = Debug|Any CPU
		{3C5FEC25-C88E-EA17-C2C3-740A2A824A9D}.Debug|x64.ActiveCfg = Debug|Any CPU
		{3C5FEC25-C88E-EA17-C2C3-740A2A824A9D}.Debug|x64.Build.0 = Debug|Any CPU
		{3C5FEC25-C88E-EA17-C2C3-740A2A824A9D}.Debug|x86.ActiveCfg = Debug|Any CPU
		{3C5FEC25-C88E-EA17-C2C3-740A2A824A9D}.Debug|x86.Build.0 = Debug|Any CPU
		{3C5FEC25-C88E-EA17-C2C3-740A2A824A9D}.Release|Any CPU.ActiveCfg = Release|Any CPU
		{3C5FEC25-C88E-EA17-C2C3-740A2A824A9D}.Release|Any CPU.Build.0 = Release|Any CPU
		{3C5FEC25-C88E-EA17-C2C3-740A2A824A9D}.Release|x64.ActiveCfg = Release|Any CPU
		{3C5FEC25-C88E-EA17-C2C3-740A2A824A9D}.Release|x64.Build.0 = Release|Any CPU
		{3C5FEC25-C88E-EA17-C2C3-740A2A824A9D}.Release|x86.ActiveCfg = Release|Any CPU
		{3C5FEC25-C88E-EA17-C2C3-740A2A824A9D}.Release|x86.Build.0 = Release|Any CPU
		{ACD11FA3-C462-F535-9AE6-2E75F3314303}.Debug|Any CPU.ActiveCfg = Debug|Any CPU
		{ACD11FA3-C462-F535-9AE6-2E75F3314303}.Debug|Any CPU.Build.0 = Debug|Any CPU
		{ACD11FA3-C462-F535-9AE6-2E75F3314303}.Debug|x64.ActiveCfg = Debug|Any CPU
		{ACD11FA3-C462-F535-9AE6-2E75F3314303}.Debug|x64.Build.0 = Debug|Any CPU
		{ACD11FA3-C462-F535-9AE6-2E75F3314303}.Debug|x86.ActiveCfg = Debug|Any CPU
		{ACD11FA3-C462-F535-9AE6-2E75F3314303}.Debug|x86.Build.0 = Debug|Any CPU
		{ACD11FA3-C462-F535-9AE6-2E75F3314303}.Release|Any CPU.ActiveCfg = Release|Any CPU
		{ACD11FA3-C462-F535-9AE6-2E75F3314303}.Release|Any CPU.Build.0 = Release|Any CPU
		{ACD11FA3-C462-F535-9AE6-2E75F3314303}.Release|x64.ActiveCfg = Release|Any CPU
		{ACD11FA3-C462-F535-9AE6-2E75F3314303}.Release|x64.Build.0 = Release|Any CPU
		{ACD11FA3-C462-F535-9AE6-2E75F3314303}.Release|x86.ActiveCfg = Release|Any CPU
		{ACD11FA3-C462-F535-9AE6-2E75F3314303}.Release|x86.Build.0 = Release|Any CPU
		{AF7745F1-378C-2A55-D3D4-985E5AFE6006}.Debug|Any CPU.ActiveCfg = Debug|Any CPU
		{AF7745F1-378C-2A55-D3D4-985E5AFE6006}.Debug|Any CPU.Build.0 = Debug|Any CPU
		{AF7745F1-378C-2A55-D3D4-985E5AFE6006}.Debug|x64.ActiveCfg = Debug|Any CPU
		{AF7745F1-378C-2A55-D3D4-985E5AFE6006}.Debug|x64.Build.0 = Debug|Any CPU
		{AF7745F1-378C-2A55-D3D4-985E5AFE6006}.Debug|x86.ActiveCfg = Debug|Any CPU
		{AF7745F1-378C-2A55-D3D4-985E5AFE6006}.Debug|x86.Build.0 = Debug|Any CPU
		{AF7745F1-378C-2A55-D3D4-985E5AFE6006}.Release|Any CPU.ActiveCfg = Release|Any CPU
		{AF7745F1-378C-2A55-D3D4-985E5AFE6006}.Release|Any CPU.Build.0 = Release|Any CPU
		{AF7745F1-378C-2A55-D3D4-985E5AFE6006}.Release|x64.ActiveCfg = Release|Any CPU
		{AF7745F1-378C-2A55-D3D4-985E5AFE6006}.Release|x64.Build.0 = Release|Any CPU
		{AF7745F1-378C-2A55-D3D4-985E5AFE6006}.Release|x86.ActiveCfg = Release|Any CPU
		{AF7745F1-378C-2A55-D3D4-985E5AFE6006}.Release|x86.Build.0 = Release|Any CPU
		{B3DE8463-AA33-1A3E-DE32-8E7B3C528990}.Debug|Any CPU.ActiveCfg = Debug|Any CPU
		{B3DE8463-AA33-1A3E-DE32-8E7B3C528990}.Debug|Any CPU.Build.0 = Debug|Any CPU
		{B3DE8463-AA33-1A3E-DE32-8E7B3C528990}.Debug|x64.ActiveCfg = Debug|Any CPU
		{B3DE8463-AA33-1A3E-DE32-8E7B3C528990}.Debug|x64.Build.0 = Debug|Any CPU
		{B3DE8463-AA33-1A3E-DE32-8E7B3C528990}.Debug|x86.ActiveCfg = Debug|Any CPU
		{B3DE8463-AA33-1A3E-DE32-8E7B3C528990}.Debug|x86.Build.0 = Debug|Any CPU
		{B3DE8463-AA33-1A3E-DE32-8E7B3C528990}.Release|Any CPU.ActiveCfg = Release|Any CPU
		{B3DE8463-AA33-1A3E-DE32-8E7B3C528990}.Release|Any CPU.Build.0 = Release|Any CPU
		{B3DE8463-AA33-1A3E-DE32-8E7B3C528990}.Release|x64.ActiveCfg = Release|Any CPU
		{B3DE8463-AA33-1A3E-DE32-8E7B3C528990}.Release|x64.Build.0 = Release|Any CPU
		{B3DE8463-AA33-1A3E-DE32-8E7B3C528990}.Release|x86.ActiveCfg = Release|Any CPU
		{B3DE8463-AA33-1A3E-DE32-8E7B3C528990}.Release|x86.Build.0 = Release|Any CPU
		{5AEE1E8A-EAD0-C07B-E780-7405231A2750}.Debug|Any CPU.ActiveCfg = Debug|Any CPU
		{5AEE1E8A-EAD0-C07B-E780-7405231A2750}.Debug|Any CPU.Build.0 = Debug|Any CPU
		{5AEE1E8A-EAD0-C07B-E780-7405231A2750}.Debug|x64.ActiveCfg = Debug|Any CPU
		{5AEE1E8A-EAD0-C07B-E780-7405231A2750}.Debug|x64.Build.0 = Debug|Any CPU
		{5AEE1E8A-EAD0-C07B-E780-7405231A2750}.Debug|x86.ActiveCfg = Debug|Any CPU
		{5AEE1E8A-EAD0-C07B-E780-7405231A2750}.Debug|x86.Build.0 = Debug|Any CPU
		{5AEE1E8A-EAD0-C07B-E780-7405231A2750}.Release|Any CPU.ActiveCfg = Release|Any CPU
		{5AEE1E8A-EAD0-C07B-E780-7405231A2750}.Release|Any CPU.Build.0 = Release|Any CPU
		{5AEE1E8A-EAD0-C07B-E780-7405231A2750}.Release|x64.ActiveCfg = Release|Any CPU
		{5AEE1E8A-EAD0-C07B-E780-7405231A2750}.Release|x64.Build.0 = Release|Any CPU
		{5AEE1E8A-EAD0-C07B-E780-7405231A2750}.Release|x86.ActiveCfg = Release|Any CPU
		{5AEE1E8A-EAD0-C07B-E780-7405231A2750}.Release|x86.Build.0 = Release|Any CPU
		{9A656DD6-E2A1-6A47-54B3-9F3A80817C84}.Debug|Any CPU.ActiveCfg = Debug|Any CPU
		{9A656DD6-E2A1-6A47-54B3-9F3A80817C84}.Debug|Any CPU.Build.0 = Debug|Any CPU
		{9A656DD6-E2A1-6A47-54B3-9F3A80817C84}.Debug|x64.ActiveCfg = Debug|Any CPU
		{9A656DD6-E2A1-6A47-54B3-9F3A80817C84}.Debug|x64.Build.0 = Debug|Any CPU
		{9A656DD6-E2A1-6A47-54B3-9F3A80817C84}.Debug|x86.ActiveCfg = Debug|Any CPU
		{9A656DD6-E2A1-6A47-54B3-9F3A80817C84}.Debug|x86.Build.0 = Debug|Any CPU
		{9A656DD6-E2A1-6A47-54B3-9F3A80817C84}.Release|Any CPU.ActiveCfg = Release|Any CPU
		{9A656DD6-E2A1-6A47-54B3-9F3A80817C84}.Release|Any CPU.Build.0 = Release|Any CPU
		{9A656DD6-E2A1-6A47-54B3-9F3A80817C84}.Release|x64.ActiveCfg = Release|Any CPU
		{9A656DD6-E2A1-6A47-54B3-9F3A80817C84}.Release|x64.Build.0 = Release|Any CPU
		{9A656DD6-E2A1-6A47-54B3-9F3A80817C84}.Release|x86.ActiveCfg = Release|Any CPU
		{9A656DD6-E2A1-6A47-54B3-9F3A80817C84}.Release|x86.Build.0 = Release|Any CPU
		{933B883A-0DEE-F475-6B41-4728DE34CA5B}.Debug|Any CPU.ActiveCfg = Debug|Any CPU
		{933B883A-0DEE-F475-6B41-4728DE34CA5B}.Debug|Any CPU.Build.0 = Debug|Any CPU
		{933B883A-0DEE-F475-6B41-4728DE34CA5B}.Debug|x64.ActiveCfg = Debug|Any CPU
		{933B883A-0DEE-F475-6B41-4728DE34CA5B}.Debug|x64.Build.0 = Debug|Any CPU
		{933B883A-0DEE-F475-6B41-4728DE34CA5B}.Debug|x86.ActiveCfg = Debug|Any CPU
		{933B883A-0DEE-F475-6B41-4728DE34CA5B}.Debug|x86.Build.0 = Debug|Any CPU
		{933B883A-0DEE-F475-6B41-4728DE34CA5B}.Release|Any CPU.ActiveCfg = Release|Any CPU
		{933B883A-0DEE-F475-6B41-4728DE34CA5B}.Release|Any CPU.Build.0 = Release|Any CPU
		{933B883A-0DEE-F475-6B41-4728DE34CA5B}.Release|x64.ActiveCfg = Release|Any CPU
		{933B883A-0DEE-F475-6B41-4728DE34CA5B}.Release|x64.Build.0 = Release|Any CPU
		{933B883A-0DEE-F475-6B41-4728DE34CA5B}.Release|x86.ActiveCfg = Release|Any CPU
		{933B883A-0DEE-F475-6B41-4728DE34CA5B}.Release|x86.Build.0 = Release|Any CPU
		{62C93868-30F5-665C-8D00-7A9D1B69C38F}.Debug|Any CPU.ActiveCfg = Debug|Any CPU
		{62C93868-30F5-665C-8D00-7A9D1B69C38F}.Debug|Any CPU.Build.0 = Debug|Any CPU
		{62C93868-30F5-665C-8D00-7A9D1B69C38F}.Debug|x64.ActiveCfg = Debug|Any CPU
		{62C93868-30F5-665C-8D00-7A9D1B69C38F}.Debug|x64.Build.0 = Debug|Any CPU
		{62C93868-30F5-665C-8D00-7A9D1B69C38F}.Debug|x86.ActiveCfg = Debug|Any CPU
		{62C93868-30F5-665C-8D00-7A9D1B69C38F}.Debug|x86.Build.0 = Debug|Any CPU
		{62C93868-30F5-665C-8D00-7A9D1B69C38F}.Release|Any CPU.ActiveCfg = Release|Any CPU
		{62C93868-30F5-665C-8D00-7A9D1B69C38F}.Release|Any CPU.Build.0 = Release|Any CPU
		{62C93868-30F5-665C-8D00-7A9D1B69C38F}.Release|x64.ActiveCfg = Release|Any CPU
		{62C93868-30F5-665C-8D00-7A9D1B69C38F}.Release|x64.Build.0 = Release|Any CPU
		{62C93868-30F5-665C-8D00-7A9D1B69C38F}.Release|x86.ActiveCfg = Release|Any CPU
		{62C93868-30F5-665C-8D00-7A9D1B69C38F}.Release|x86.Build.0 = Release|Any CPU
		{16CE9101-54E2-3D57-DF3A-AB18DB7E26C2}.Debug|Any CPU.ActiveCfg = Debug|Any CPU
		{16CE9101-54E2-3D57-DF3A-AB18DB7E26C2}.Debug|Any CPU.Build.0 = Debug|Any CPU
		{16CE9101-54E2-3D57-DF3A-AB18DB7E26C2}.Debug|x64.ActiveCfg = Debug|Any CPU
		{16CE9101-54E2-3D57-DF3A-AB18DB7E26C2}.Debug|x64.Build.0 = Debug|Any CPU
		{16CE9101-54E2-3D57-DF3A-AB18DB7E26C2}.Debug|x86.ActiveCfg = Debug|Any CPU
		{16CE9101-54E2-3D57-DF3A-AB18DB7E26C2}.Debug|x86.Build.0 = Debug|Any CPU
		{16CE9101-54E2-3D57-DF3A-AB18DB7E26C2}.Release|Any CPU.ActiveCfg = Release|Any CPU
		{16CE9101-54E2-3D57-DF3A-AB18DB7E26C2}.Release|Any CPU.Build.0 = Release|Any CPU
		{16CE9101-54E2-3D57-DF3A-AB18DB7E26C2}.Release|x64.ActiveCfg = Release|Any CPU
		{16CE9101-54E2-3D57-DF3A-AB18DB7E26C2}.Release|x64.Build.0 = Release|Any CPU
		{16CE9101-54E2-3D57-DF3A-AB18DB7E26C2}.Release|x86.ActiveCfg = Release|Any CPU
		{16CE9101-54E2-3D57-DF3A-AB18DB7E26C2}.Release|x86.Build.0 = Release|Any CPU
		{75F138A8-CDD2-5B30-26BF-5FCA4FBBB685}.Debug|Any CPU.ActiveCfg = Debug|Any CPU
		{75F138A8-CDD2-5B30-26BF-5FCA4FBBB685}.Debug|Any CPU.Build.0 = Debug|Any CPU
		{75F138A8-CDD2-5B30-26BF-5FCA4FBBB685}.Debug|x64.ActiveCfg = Debug|Any CPU
		{75F138A8-CDD2-5B30-26BF-5FCA4FBBB685}.Debug|x64.Build.0 = Debug|Any CPU
		{75F138A8-CDD2-5B30-26BF-5FCA4FBBB685}.Debug|x86.ActiveCfg = Debug|Any CPU
		{75F138A8-CDD2-5B30-26BF-5FCA4FBBB685}.Debug|x86.Build.0 = Debug|Any CPU
		{75F138A8-CDD2-5B30-26BF-5FCA4FBBB685}.Release|Any CPU.ActiveCfg = Release|Any CPU
		{75F138A8-CDD2-5B30-26BF-5FCA4FBBB685}.Release|Any CPU.Build.0 = Release|Any CPU
		{75F138A8-CDD2-5B30-26BF-5FCA4FBBB685}.Release|x64.ActiveCfg = Release|Any CPU
		{75F138A8-CDD2-5B30-26BF-5FCA4FBBB685}.Release|x64.Build.0 = Release|Any CPU
		{75F138A8-CDD2-5B30-26BF-5FCA4FBBB685}.Release|x86.ActiveCfg = Release|Any CPU
		{75F138A8-CDD2-5B30-26BF-5FCA4FBBB685}.Release|x86.Build.0 = Release|Any CPU
		{976690A1-A32F-A05E-DB1F-22BE5C0AAA4D}.Debug|Any CPU.ActiveCfg = Debug|Any CPU
		{976690A1-A32F-A05E-DB1F-22BE5C0AAA4D}.Debug|Any CPU.Build.0 = Debug|Any CPU
		{976690A1-A32F-A05E-DB1F-22BE5C0AAA4D}.Debug|x64.ActiveCfg = Debug|Any CPU
		{976690A1-A32F-A05E-DB1F-22BE5C0AAA4D}.Debug|x64.Build.0 = Debug|Any CPU
		{976690A1-A32F-A05E-DB1F-22BE5C0AAA4D}.Debug|x86.ActiveCfg = Debug|Any CPU
		{976690A1-A32F-A05E-DB1F-22BE5C0AAA4D}.Debug|x86.Build.0 = Debug|Any CPU
		{976690A1-A32F-A05E-DB1F-22BE5C0AAA4D}.Release|Any CPU.ActiveCfg = Release|Any CPU
		{976690A1-A32F-A05E-DB1F-22BE5C0AAA4D}.Release|Any CPU.Build.0 = Release|Any CPU
		{976690A1-A32F-A05E-DB1F-22BE5C0AAA4D}.Release|x64.ActiveCfg = Release|Any CPU
		{976690A1-A32F-A05E-DB1F-22BE5C0AAA4D}.Release|x64.Build.0 = Release|Any CPU
		{976690A1-A32F-A05E-DB1F-22BE5C0AAA4D}.Release|x86.ActiveCfg = Release|Any CPU
		{976690A1-A32F-A05E-DB1F-22BE5C0AAA4D}.Release|x86.Build.0 = Release|Any CPU
		{3C526929-B2CB-7B2A-FED2-840FB050AFF6}.Debug|Any CPU.ActiveCfg = Debug|Any CPU
		{3C526929-B2CB-7B2A-FED2-840FB050AFF6}.Debug|Any CPU.Build.0 = Debug|Any CPU
		{3C526929-B2CB-7B2A-FED2-840FB050AFF6}.Debug|x64.ActiveCfg = Debug|Any CPU
		{3C526929-B2CB-7B2A-FED2-840FB050AFF6}.Debug|x64.Build.0 = Debug|Any CPU
		{3C526929-B2CB-7B2A-FED2-840FB050AFF6}.Debug|x86.ActiveCfg = Debug|Any CPU
		{3C526929-B2CB-7B2A-FED2-840FB050AFF6}.Debug|x86.Build.0 = Debug|Any CPU
		{3C526929-B2CB-7B2A-FED2-840FB050AFF6}.Release|Any CPU.ActiveCfg = Release|Any CPU
		{3C526929-B2CB-7B2A-FED2-840FB050AFF6}.Release|Any CPU.Build.0 = Release|Any CPU
		{3C526929-B2CB-7B2A-FED2-840FB050AFF6}.Release|x64.ActiveCfg = Release|Any CPU
		{3C526929-B2CB-7B2A-FED2-840FB050AFF6}.Release|x64.Build.0 = Release|Any CPU
		{3C526929-B2CB-7B2A-FED2-840FB050AFF6}.Release|x86.ActiveCfg = Release|Any CPU
		{3C526929-B2CB-7B2A-FED2-840FB050AFF6}.Release|x86.Build.0 = Release|Any CPU
		{619B6DAF-A1E8-3EA9-2D9F-B078E0C9F95F}.Debug|Any CPU.ActiveCfg = Debug|Any CPU
		{619B6DAF-A1E8-3EA9-2D9F-B078E0C9F95F}.Debug|Any CPU.Build.0 = Debug|Any CPU
		{619B6DAF-A1E8-3EA9-2D9F-B078E0C9F95F}.Debug|x64.ActiveCfg = Debug|Any CPU
		{619B6DAF-A1E8-3EA9-2D9F-B078E0C9F95F}.Debug|x64.Build.0 = Debug|Any CPU
		{619B6DAF-A1E8-3EA9-2D9F-B078E0C9F95F}.Debug|x86.ActiveCfg = Debug|Any CPU
		{619B6DAF-A1E8-3EA9-2D9F-B078E0C9F95F}.Debug|x86.Build.0 = Debug|Any CPU
		{619B6DAF-A1E8-3EA9-2D9F-B078E0C9F95F}.Release|Any CPU.ActiveCfg = Release|Any CPU
		{619B6DAF-A1E8-3EA9-2D9F-B078E0C9F95F}.Release|Any CPU.Build.0 = Release|Any CPU
		{619B6DAF-A1E8-3EA9-2D9F-B078E0C9F95F}.Release|x64.ActiveCfg = Release|Any CPU
		{619B6DAF-A1E8-3EA9-2D9F-B078E0C9F95F}.Release|x64.Build.0 = Release|Any CPU
		{619B6DAF-A1E8-3EA9-2D9F-B078E0C9F95F}.Release|x86.ActiveCfg = Release|Any CPU
		{619B6DAF-A1E8-3EA9-2D9F-B078E0C9F95F}.Release|x86.Build.0 = Release|Any CPU
		{C60FD2D3-162A-0224-AE5E-FE5B23164C48}.Debug|Any CPU.ActiveCfg = Debug|Any CPU
		{C60FD2D3-162A-0224-AE5E-FE5B23164C48}.Debug|Any CPU.Build.0 = Debug|Any CPU
		{C60FD2D3-162A-0224-AE5E-FE5B23164C48}.Debug|x64.ActiveCfg = Debug|Any CPU
		{C60FD2D3-162A-0224-AE5E-FE5B23164C48}.Debug|x64.Build.0 = Debug|Any CPU
		{C60FD2D3-162A-0224-AE5E-FE5B23164C48}.Debug|x86.ActiveCfg = Debug|Any CPU
		{C60FD2D3-162A-0224-AE5E-FE5B23164C48}.Debug|x86.Build.0 = Debug|Any CPU
		{C60FD2D3-162A-0224-AE5E-FE5B23164C48}.Release|Any CPU.ActiveCfg = Release|Any CPU
		{C60FD2D3-162A-0224-AE5E-FE5B23164C48}.Release|Any CPU.Build.0 = Release|Any CPU
		{C60FD2D3-162A-0224-AE5E-FE5B23164C48}.Release|x64.ActiveCfg = Release|Any CPU
		{C60FD2D3-162A-0224-AE5E-FE5B23164C48}.Release|x64.Build.0 = Release|Any CPU
		{C60FD2D3-162A-0224-AE5E-FE5B23164C48}.Release|x86.ActiveCfg = Release|Any CPU
		{C60FD2D3-162A-0224-AE5E-FE5B23164C48}.Release|x86.Build.0 = Release|Any CPU
		{67216B6C-3205-C82A-CF98-CCFCBCF3AFC0}.Debug|Any CPU.ActiveCfg = Debug|Any CPU
		{67216B6C-3205-C82A-CF98-CCFCBCF3AFC0}.Debug|Any CPU.Build.0 = Debug|Any CPU
		{67216B6C-3205-C82A-CF98-CCFCBCF3AFC0}.Debug|x64.ActiveCfg = Debug|Any CPU
		{67216B6C-3205-C82A-CF98-CCFCBCF3AFC0}.Debug|x64.Build.0 = Debug|Any CPU
		{67216B6C-3205-C82A-CF98-CCFCBCF3AFC0}.Debug|x86.ActiveCfg = Debug|Any CPU
		{67216B6C-3205-C82A-CF98-CCFCBCF3AFC0}.Debug|x86.Build.0 = Debug|Any CPU
		{67216B6C-3205-C82A-CF98-CCFCBCF3AFC0}.Release|Any CPU.ActiveCfg = Release|Any CPU
		{67216B6C-3205-C82A-CF98-CCFCBCF3AFC0}.Release|Any CPU.Build.0 = Release|Any CPU
		{67216B6C-3205-C82A-CF98-CCFCBCF3AFC0}.Release|x64.ActiveCfg = Release|Any CPU
		{67216B6C-3205-C82A-CF98-CCFCBCF3AFC0}.Release|x64.Build.0 = Release|Any CPU
		{67216B6C-3205-C82A-CF98-CCFCBCF3AFC0}.Release|x86.ActiveCfg = Release|Any CPU
		{67216B6C-3205-C82A-CF98-CCFCBCF3AFC0}.Release|x86.Build.0 = Release|Any CPU
		{B436A619-D76F-631B-EE58-2BDEF8CCF0A1}.Debug|Any CPU.ActiveCfg = Debug|Any CPU
		{B436A619-D76F-631B-EE58-2BDEF8CCF0A1}.Debug|Any CPU.Build.0 = Debug|Any CPU
		{B436A619-D76F-631B-EE58-2BDEF8CCF0A1}.Debug|x64.ActiveCfg = Debug|Any CPU
		{B436A619-D76F-631B-EE58-2BDEF8CCF0A1}.Debug|x64.Build.0 = Debug|Any CPU
		{B436A619-D76F-631B-EE58-2BDEF8CCF0A1}.Debug|x86.ActiveCfg = Debug|Any CPU
		{B436A619-D76F-631B-EE58-2BDEF8CCF0A1}.Debug|x86.Build.0 = Debug|Any CPU
		{B436A619-D76F-631B-EE58-2BDEF8CCF0A1}.Release|Any CPU.ActiveCfg = Release|Any CPU
		{B436A619-D76F-631B-EE58-2BDEF8CCF0A1}.Release|Any CPU.Build.0 = Release|Any CPU
		{B436A619-D76F-631B-EE58-2BDEF8CCF0A1}.Release|x64.ActiveCfg = Release|Any CPU
		{B436A619-D76F-631B-EE58-2BDEF8CCF0A1}.Release|x64.Build.0 = Release|Any CPU
		{B436A619-D76F-631B-EE58-2BDEF8CCF0A1}.Release|x86.ActiveCfg = Release|Any CPU
		{B436A619-D76F-631B-EE58-2BDEF8CCF0A1}.Release|x86.Build.0 = Release|Any CPU
		{FAE74DE9-51D7-D83B-F6E4-5D693E4C30D7}.Debug|Any CPU.ActiveCfg = Debug|Any CPU
		{FAE74DE9-51D7-D83B-F6E4-5D693E4C30D7}.Debug|Any CPU.Build.0 = Debug|Any CPU
		{FAE74DE9-51D7-D83B-F6E4-5D693E4C30D7}.Debug|x64.ActiveCfg = Debug|Any CPU
		{FAE74DE9-51D7-D83B-F6E4-5D693E4C30D7}.Debug|x64.Build.0 = Debug|Any CPU
		{FAE74DE9-51D7-D83B-F6E4-5D693E4C30D7}.Debug|x86.ActiveCfg = Debug|Any CPU
		{FAE74DE9-51D7-D83B-F6E4-5D693E4C30D7}.Debug|x86.Build.0 = Debug|Any CPU
		{FAE74DE9-51D7-D83B-F6E4-5D693E4C30D7}.Release|Any CPU.ActiveCfg = Release|Any CPU
		{FAE74DE9-51D7-D83B-F6E4-5D693E4C30D7}.Release|Any CPU.Build.0 = Release|Any CPU
		{FAE74DE9-51D7-D83B-F6E4-5D693E4C30D7}.Release|x64.ActiveCfg = Release|Any CPU
		{FAE74DE9-51D7-D83B-F6E4-5D693E4C30D7}.Release|x64.Build.0 = Release|Any CPU
		{FAE74DE9-51D7-D83B-F6E4-5D693E4C30D7}.Release|x86.ActiveCfg = Release|Any CPU
		{FAE74DE9-51D7-D83B-F6E4-5D693E4C30D7}.Release|x86.Build.0 = Release|Any CPU
		{94D1B81F-6E00-FD7F-F90C-D8238C35B357}.Debug|Any CPU.ActiveCfg = Debug|Any CPU
		{94D1B81F-6E00-FD7F-F90C-D8238C35B357}.Debug|Any CPU.Build.0 = Debug|Any CPU
		{94D1B81F-6E00-FD7F-F90C-D8238C35B357}.Debug|x64.ActiveCfg = Debug|Any CPU
		{94D1B81F-6E00-FD7F-F90C-D8238C35B357}.Debug|x64.Build.0 = Debug|Any CPU
		{94D1B81F-6E00-FD7F-F90C-D8238C35B357}.Debug|x86.ActiveCfg = Debug|Any CPU
		{94D1B81F-6E00-FD7F-F90C-D8238C35B357}.Debug|x86.Build.0 = Debug|Any CPU
		{94D1B81F-6E00-FD7F-F90C-D8238C35B357}.Release|Any CPU.ActiveCfg = Release|Any CPU
		{94D1B81F-6E00-FD7F-F90C-D8238C35B357}.Release|Any CPU.Build.0 = Release|Any CPU
		{94D1B81F-6E00-FD7F-F90C-D8238C35B357}.Release|x64.ActiveCfg = Release|Any CPU
		{94D1B81F-6E00-FD7F-F90C-D8238C35B357}.Release|x64.Build.0 = Release|Any CPU
		{94D1B81F-6E00-FD7F-F90C-D8238C35B357}.Release|x86.ActiveCfg = Release|Any CPU
		{94D1B81F-6E00-FD7F-F90C-D8238C35B357}.Release|x86.Build.0 = Release|Any CPU
		{FFD2BEDE-0D2D-7154-EFAA-9517596AFB1A}.Debug|Any CPU.ActiveCfg = Debug|Any CPU
		{FFD2BEDE-0D2D-7154-EFAA-9517596AFB1A}.Debug|Any CPU.Build.0 = Debug|Any CPU
		{FFD2BEDE-0D2D-7154-EFAA-9517596AFB1A}.Debug|x64.ActiveCfg = Debug|Any CPU
		{FFD2BEDE-0D2D-7154-EFAA-9517596AFB1A}.Debug|x64.Build.0 = Debug|Any CPU
		{FFD2BEDE-0D2D-7154-EFAA-9517596AFB1A}.Debug|x86.ActiveCfg = Debug|Any CPU
		{FFD2BEDE-0D2D-7154-EFAA-9517596AFB1A}.Debug|x86.Build.0 = Debug|Any CPU
		{FFD2BEDE-0D2D-7154-EFAA-9517596AFB1A}.Release|Any CPU.ActiveCfg = Release|Any CPU
		{FFD2BEDE-0D2D-7154-EFAA-9517596AFB1A}.Release|Any CPU.Build.0 = Release|Any CPU
		{FFD2BEDE-0D2D-7154-EFAA-9517596AFB1A}.Release|x64.ActiveCfg = Release|Any CPU
		{FFD2BEDE-0D2D-7154-EFAA-9517596AFB1A}.Release|x64.Build.0 = Release|Any CPU
		{FFD2BEDE-0D2D-7154-EFAA-9517596AFB1A}.Release|x86.ActiveCfg = Release|Any CPU
		{FFD2BEDE-0D2D-7154-EFAA-9517596AFB1A}.Release|x86.Build.0 = Release|Any CPU
		{2FA55CEE-401A-02F1-5A8F-8D440AF999BF}.Debug|Any CPU.ActiveCfg = Debug|Any CPU
		{2FA55CEE-401A-02F1-5A8F-8D440AF999BF}.Debug|Any CPU.Build.0 = Debug|Any CPU
		{2FA55CEE-401A-02F1-5A8F-8D440AF999BF}.Debug|x64.ActiveCfg = Debug|Any CPU
		{2FA55CEE-401A-02F1-5A8F-8D440AF999BF}.Debug|x64.Build.0 = Debug|Any CPU
		{2FA55CEE-401A-02F1-5A8F-8D440AF999BF}.Debug|x86.ActiveCfg = Debug|Any CPU
		{2FA55CEE-401A-02F1-5A8F-8D440AF999BF}.Debug|x86.Build.0 = Debug|Any CPU
		{2FA55CEE-401A-02F1-5A8F-8D440AF999BF}.Release|Any CPU.ActiveCfg = Release|Any CPU
		{2FA55CEE-401A-02F1-5A8F-8D440AF999BF}.Release|Any CPU.Build.0 = Release|Any CPU
		{2FA55CEE-401A-02F1-5A8F-8D440AF999BF}.Release|x64.ActiveCfg = Release|Any CPU
		{2FA55CEE-401A-02F1-5A8F-8D440AF999BF}.Release|x64.Build.0 = Release|Any CPU
		{2FA55CEE-401A-02F1-5A8F-8D440AF999BF}.Release|x86.ActiveCfg = Release|Any CPU
		{2FA55CEE-401A-02F1-5A8F-8D440AF999BF}.Release|x86.Build.0 = Release|Any CPU
		{C945299E-A644-2062-7B72-1D874D376AB7}.Debug|Any CPU.ActiveCfg = Debug|Any CPU
		{C945299E-A644-2062-7B72-1D874D376AB7}.Debug|Any CPU.Build.0 = Debug|Any CPU
		{C945299E-A644-2062-7B72-1D874D376AB7}.Debug|x64.ActiveCfg = Debug|Any CPU
		{C945299E-A644-2062-7B72-1D874D376AB7}.Debug|x64.Build.0 = Debug|Any CPU
		{C945299E-A644-2062-7B72-1D874D376AB7}.Debug|x86.ActiveCfg = Debug|Any CPU
		{C945299E-A644-2062-7B72-1D874D376AB7}.Debug|x86.Build.0 = Debug|Any CPU
		{C945299E-A644-2062-7B72-1D874D376AB7}.Release|Any CPU.ActiveCfg = Release|Any CPU
		{C945299E-A644-2062-7B72-1D874D376AB7}.Release|Any CPU.Build.0 = Release|Any CPU
		{C945299E-A644-2062-7B72-1D874D376AB7}.Release|x64.ActiveCfg = Release|Any CPU
		{C945299E-A644-2062-7B72-1D874D376AB7}.Release|x64.Build.0 = Release|Any CPU
		{C945299E-A644-2062-7B72-1D874D376AB7}.Release|x86.ActiveCfg = Release|Any CPU
		{C945299E-A644-2062-7B72-1D874D376AB7}.Release|x86.Build.0 = Release|Any CPU
		{6C61F263-74FF-4138-90E4-519E1938144B}.Debug|Any CPU.ActiveCfg = Debug|Any CPU
		{6C61F263-74FF-4138-90E4-519E1938144B}.Debug|Any CPU.Build.0 = Debug|Any CPU
		{6C61F263-74FF-4138-90E4-519E1938144B}.Debug|x64.ActiveCfg = Debug|Any CPU
		{6C61F263-74FF-4138-90E4-519E1938144B}.Debug|x64.Build.0 = Debug|Any CPU
		{6C61F263-74FF-4138-90E4-519E1938144B}.Debug|x86.ActiveCfg = Debug|Any CPU
		{6C61F263-74FF-4138-90E4-519E1938144B}.Debug|x86.Build.0 = Debug|Any CPU
		{6C61F263-74FF-4138-90E4-519E1938144B}.Release|Any CPU.ActiveCfg = Release|Any CPU
		{6C61F263-74FF-4138-90E4-519E1938144B}.Release|Any CPU.Build.0 = Release|Any CPU
		{6C61F263-74FF-4138-90E4-519E1938144B}.Release|x64.ActiveCfg = Release|Any CPU
		{6C61F263-74FF-4138-90E4-519E1938144B}.Release|x64.Build.0 = Release|Any CPU
		{6C61F263-74FF-4138-90E4-519E1938144B}.Release|x86.ActiveCfg = Release|Any CPU
		{6C61F263-74FF-4138-90E4-519E1938144B}.Release|x86.Build.0 = Release|Any CPU
		{CF0AAAAE-17E3-4505-9440-389A52DB21FE}.Debug|Any CPU.ActiveCfg = Debug|Any CPU
		{CF0AAAAE-17E3-4505-9440-389A52DB21FE}.Debug|Any CPU.Build.0 = Debug|Any CPU
		{CF0AAAAE-17E3-4505-9440-389A52DB21FE}.Debug|x64.ActiveCfg = Debug|Any CPU
		{CF0AAAAE-17E3-4505-9440-389A52DB21FE}.Debug|x64.Build.0 = Debug|Any CPU
		{CF0AAAAE-17E3-4505-9440-389A52DB21FE}.Debug|x86.ActiveCfg = Debug|Any CPU
		{CF0AAAAE-17E3-4505-9440-389A52DB21FE}.Debug|x86.Build.0 = Debug|Any CPU
		{CF0AAAAE-17E3-4505-9440-389A52DB21FE}.Release|Any CPU.ActiveCfg = Release|Any CPU
		{CF0AAAAE-17E3-4505-9440-389A52DB21FE}.Release|Any CPU.Build.0 = Release|Any CPU
		{CF0AAAAE-17E3-4505-9440-389A52DB21FE}.Release|x64.ActiveCfg = Release|Any CPU
		{CF0AAAAE-17E3-4505-9440-389A52DB21FE}.Release|x64.Build.0 = Release|Any CPU
		{CF0AAAAE-17E3-4505-9440-389A52DB21FE}.Release|x86.ActiveCfg = Release|Any CPU
		{CF0AAAAE-17E3-4505-9440-389A52DB21FE}.Release|x86.Build.0 = Release|Any CPU
		{C1CD2EAF-BB55-4474-990D-ED40502FA333}.Debug|Any CPU.ActiveCfg = Debug|Any CPU
		{C1CD2EAF-BB55-4474-990D-ED40502FA333}.Debug|Any CPU.Build.0 = Debug|Any CPU
		{C1CD2EAF-BB55-4474-990D-ED40502FA333}.Debug|x64.ActiveCfg = Debug|Any CPU
		{C1CD2EAF-BB55-4474-990D-ED40502FA333}.Debug|x64.Build.0 = Debug|Any CPU
		{C1CD2EAF-BB55-4474-990D-ED40502FA333}.Debug|x86.ActiveCfg = Debug|Any CPU
		{C1CD2EAF-BB55-4474-990D-ED40502FA333}.Debug|x86.Build.0 = Debug|Any CPU
		{C1CD2EAF-BB55-4474-990D-ED40502FA333}.Release|Any CPU.ActiveCfg = Release|Any CPU
		{C1CD2EAF-BB55-4474-990D-ED40502FA333}.Release|Any CPU.Build.0 = Release|Any CPU
		{C1CD2EAF-BB55-4474-990D-ED40502FA333}.Release|x64.ActiveCfg = Release|Any CPU
		{C1CD2EAF-BB55-4474-990D-ED40502FA333}.Release|x64.Build.0 = Release|Any CPU
		{C1CD2EAF-BB55-4474-990D-ED40502FA333}.Release|x86.ActiveCfg = Release|Any CPU
		{C1CD2EAF-BB55-4474-990D-ED40502FA333}.Release|x86.Build.0 = Release|Any CPU
		{C1D3D70B-6A1F-4177-B6AE-86F7BFF4226F}.Debug|Any CPU.ActiveCfg = Debug|Any CPU
		{C1D3D70B-6A1F-4177-B6AE-86F7BFF4226F}.Debug|Any CPU.Build.0 = Debug|Any CPU
		{C1D3D70B-6A1F-4177-B6AE-86F7BFF4226F}.Debug|x64.ActiveCfg = Debug|Any CPU
		{C1D3D70B-6A1F-4177-B6AE-86F7BFF4226F}.Debug|x64.Build.0 = Debug|Any CPU
		{C1D3D70B-6A1F-4177-B6AE-86F7BFF4226F}.Debug|x86.ActiveCfg = Debug|Any CPU
		{C1D3D70B-6A1F-4177-B6AE-86F7BFF4226F}.Debug|x86.Build.0 = Debug|Any CPU
		{C1D3D70B-6A1F-4177-B6AE-86F7BFF4226F}.Release|Any CPU.ActiveCfg = Release|Any CPU
		{C1D3D70B-6A1F-4177-B6AE-86F7BFF4226F}.Release|Any CPU.Build.0 = Release|Any CPU
		{C1D3D70B-6A1F-4177-B6AE-86F7BFF4226F}.Release|x64.ActiveCfg = Release|Any CPU
		{C1D3D70B-6A1F-4177-B6AE-86F7BFF4226F}.Release|x64.Build.0 = Release|Any CPU
		{C1D3D70B-6A1F-4177-B6AE-86F7BFF4226F}.Release|x86.ActiveCfg = Release|Any CPU
		{C1D3D70B-6A1F-4177-B6AE-86F7BFF4226F}.Release|x86.Build.0 = Release|Any CPU
	EndGlobalSection
	GlobalSection(SolutionProperties) = preSolution
		HideSolutionNode = FALSE
	EndGlobalSection
	GlobalSection(NestedProjects) = preSolution
		{4603B1EF-283B-4231-5CBB-AD90CDDB8A6E} = {D82C56D6-B2CD-F611-9E31-04638F7EC30E}
		{C5A8FFDC-CBF2-4718-CB74-DDBB1AB6688E} = {7266C4A9-E384-DC00-0EB6-47F6002CFBA7}
		{438CAFEA-C9C5-315A-F046-558BC45CF10B} = {7266C4A9-E384-DC00-0EB6-47F6002CFBA7}
		{B57CABC3-15D3-D2A7-3DDA-1D4163BC7FC4} = {7266C4A9-E384-DC00-0EB6-47F6002CFBA7}
		{707C93E6-E50C-967B-1A6D-1A337D8F8017} = {7266C4A9-E384-DC00-0EB6-47F6002CFBA7}
		{46F24C38-83DC-513F-3491-9318694D1D03} = {CA253913-39DE-BFD0-C9A3-4B7EC6FBDF17}
		{FD9EA1E3-B9B8-38B3-547D-C68B8ED160B0} = {46F24C38-83DC-513F-3491-9318694D1D03}
		{E2BF57CC-3FCC-AF63-45EF-204A88978A1F} = {46F24C38-83DC-513F-3491-9318694D1D03}
		{DA52B8C2-9E12-4263-61BC-6F8A048DB876} = {46F24C38-83DC-513F-3491-9318694D1D03}
		{3C5FEC25-C88E-EA17-C2C3-740A2A824A9D} = {46F24C38-83DC-513F-3491-9318694D1D03}
		{293C06CD-4E17-48BD-9F3B-B5ADDFFA9425} = {CA253913-39DE-BFD0-C9A3-4B7EC6FBDF17}
		{ACD11FA3-C462-F535-9AE6-2E75F3314303} = {293C06CD-4E17-48BD-9F3B-B5ADDFFA9425}
		{AF7745F1-378C-2A55-D3D4-985E5AFE6006} = {293C06CD-4E17-48BD-9F3B-B5ADDFFA9425}
		{B3DE8463-AA33-1A3E-DE32-8E7B3C528990} = {293C06CD-4E17-48BD-9F3B-B5ADDFFA9425}
		{5AEE1E8A-EAD0-C07B-E780-7405231A2750} = {293C06CD-4E17-48BD-9F3B-B5ADDFFA9425}
		{F5C0DC2D-3026-8AFA-5A9E-CD298F76D308} = {CA253913-39DE-BFD0-C9A3-4B7EC6FBDF17}
		{9A656DD6-E2A1-6A47-54B3-9F3A80817C84} = {F5C0DC2D-3026-8AFA-5A9E-CD298F76D308}
		{933B883A-0DEE-F475-6B41-4728DE34CA5B} = {F5C0DC2D-3026-8AFA-5A9E-CD298F76D308}
		{62C93868-30F5-665C-8D00-7A9D1B69C38F} = {F5C0DC2D-3026-8AFA-5A9E-CD298F76D308}
		{16CE9101-54E2-3D57-DF3A-AB18DB7E26C2} = {F5C0DC2D-3026-8AFA-5A9E-CD298F76D308}
		{61DF3A5F-ECAF-FD9D-AE18-84CDACBA460C} = {CA253913-39DE-BFD0-C9A3-4B7EC6FBDF17}
		{75F138A8-CDD2-5B30-26BF-5FCA4FBBB685} = {61DF3A5F-ECAF-FD9D-AE18-84CDACBA460C}
		{976690A1-A32F-A05E-DB1F-22BE5C0AAA4D} = {61DF3A5F-ECAF-FD9D-AE18-84CDACBA460C}
		{3C526929-B2CB-7B2A-FED2-840FB050AFF6} = {61DF3A5F-ECAF-FD9D-AE18-84CDACBA460C}
		{619B6DAF-A1E8-3EA9-2D9F-B078E0C9F95F} = {61DF3A5F-ECAF-FD9D-AE18-84CDACBA460C}
		{A76EE12E-3ECC-62C3-0A2F-98209D0D945F} = {CA253913-39DE-BFD0-C9A3-4B7EC6FBDF17}
		{C60FD2D3-162A-0224-AE5E-FE5B23164C48} = {A76EE12E-3ECC-62C3-0A2F-98209D0D945F}
		{67216B6C-3205-C82A-CF98-CCFCBCF3AFC0} = {A76EE12E-3ECC-62C3-0A2F-98209D0D945F}
		{B436A619-D76F-631B-EE58-2BDEF8CCF0A1} = {A76EE12E-3ECC-62C3-0A2F-98209D0D945F}
		{FAE74DE9-51D7-D83B-F6E4-5D693E4C30D7} = {A76EE12E-3ECC-62C3-0A2F-98209D0D945F}
		{E0E1D754-4310-A0C0-EDD7-D6B523B5B0BE} = {CA253913-39DE-BFD0-C9A3-4B7EC6FBDF17}
		{8889498C-3100-6650-19CC-2F44C377DEA5} = {E0E1D754-4310-A0C0-EDD7-D6B523B5B0BE}
		{94D1B81F-6E00-FD7F-F90C-D8238C35B357} = {8889498C-3100-6650-19CC-2F44C377DEA5}
		{FFD2BEDE-0D2D-7154-EFAA-9517596AFB1A} = {8889498C-3100-6650-19CC-2F44C377DEA5}
		{2FA55CEE-401A-02F1-5A8F-8D440AF999BF} = {8889498C-3100-6650-19CC-2F44C377DEA5}
		{C945299E-A644-2062-7B72-1D874D376AB7} = {8889498C-3100-6650-19CC-2F44C377DEA5}
		{8359E1A9-A740-6D20-5A9B-0B2BA88BABE2} = {CA253913-39DE-BFD0-C9A3-4B7EC6FBDF17}
		{6C61F263-74FF-4138-90E4-519E1938144B} = {8359E1A9-A740-6D20-5A9B-0B2BA88BABE2}
		{CF0AAAAE-17E3-4505-9440-389A52DB21FE} = {8359E1A9-A740-6D20-5A9B-0B2BA88BABE2}
		{C1CD2EAF-BB55-4474-990D-ED40502FA333} = {8359E1A9-A740-6D20-5A9B-0B2BA88BABE2}
		{C1D3D70B-6A1F-4177-B6AE-86F7BFF4226F} = {8359E1A9-A740-6D20-5A9B-0B2BA88BABE2}
	EndGlobalSection
	GlobalSection(ExtensibilityGlobals) = postSolution
		SolutionGuid = {DDC36C25-2BE3-4494-B700-D3F2B90ABF6E}
	EndGlobalSection
EndGlobal
